// !$*UTF8*$!
{
	archiveVersion = 1;
	classes = {
	};
	objectVersion = 46;
	objects = {

/* Begin PBXBuildFile section */
		23B9D9111F49D7CF00A2E74A /* AppDelegate.swift in Sources */ = {isa = PBXBuildFile; fileRef = 23B9D9101F49D7CF00A2E74A /* AppDelegate.swift */; };
		23B9D9131F49D7CF00A2E74A /* ViewController.swift in Sources */ = {isa = PBXBuildFile; fileRef = 23B9D9121F49D7CF00A2E74A /* ViewController.swift */; };
		23B9D9161F49D7CF00A2E74A /* Main.storyboard in Resources */ = {isa = PBXBuildFile; fileRef = 23B9D9141F49D7CF00A2E74A /* Main.storyboard */; };
		23B9D9181F49D7D000A2E74A /* Assets.xcassets in Resources */ = {isa = PBXBuildFile; fileRef = 23B9D9171F49D7D000A2E74A /* Assets.xcassets */; };
		23B9D91B1F49D7D000A2E74A /* LaunchScreen.storyboard in Resources */ = {isa = PBXBuildFile; fileRef = 23B9D9191F49D7D000A2E74A /* LaunchScreen.storyboard */; };
/* End PBXBuildFile section */

/* Begin PBXFileReference section */
		23B9D90D1F49D7CF00A2E74A /* AddPhoto.app */ = {isa = PBXFileReference; explicitFileType = wrapper.application; includeInIndex = 0; path = AddPhoto.app; sourceTree = BUILT_PRODUCTS_DIR; };
		23B9D9101F49D7CF00A2E74A /* AppDelegate.swift */ = {isa = PBXFileReference; lastKnownFileType = sourcecode.swift; path = AppDelegate.swift; sourceTree = "<group>"; };
		23B9D9121F49D7CF00A2E74A /* ViewController.swift */ = {isa = PBXFileReference; lastKnownFileType = sourcecode.swift; path = ViewController.swift; sourceTree = "<group>"; };
		23B9D9151F49D7CF00A2E74A /* Base */ = {isa = PBXFileReference; lastKnownFileType = file.storyboard; name = Base; path = Base.lproj/Main.storyboard; sourceTree = "<group>"; };
		23B9D9171F49D7D000A2E74A /* Assets.xcassets */ = {isa = PBXFileReference; lastKnownFileType = folder.assetcatalog; path = Assets.xcassets; sourceTree = "<group>"; };
		23B9D91A1F49D7D000A2E74A /* Base */ = {isa = PBXFileReference; lastKnownFileType = file.storyboard; name = Base; path = Base.lproj/LaunchScreen.storyboard; sourceTree = "<group>"; };
		23B9D91C1F49D7D000A2E74A /* Info.plist */ = {isa = PBXFileReference; lastKnownFileType = text.plist.xml; path = Info.plist; sourceTree = "<group>"; };
/* End PBXFileReference section */

/* Begin PBXFrameworksBuildPhase section */
		23B9D90A1F49D7CF00A2E74A /* Frameworks */ = {
			isa = PBXFrameworksBuildPhase;
			buildActionMask = 2147483647;
			files = (
			);
			runOnlyForDeploymentPostprocessing = 0;
		};
/* End PBXFrameworksBuildPhase section */

/* Begin PBXGroup section */
		23B9D9041F49D7CF00A2E74A = {
			isa = PBXGroup;
			children = (
				23B9D90F1F49D7CF00A2E74A /* AddPhoto */,
				23B9D90E1F49D7CF00A2E74A /* Products */,
			);
			sourceTree = "<group>";
		};
		23B9D90E1F49D7CF00A2E74A /* Products */ = {
			isa = PBXGroup;
			children = (
				23B9D90D1F49D7CF00A2E74A /* AddPhoto.app */,
			);
			name = Products;
			sourceTree = "<group>";
		};
		23B9D90F1F49D7CF00A2E74A /* AddPhoto */ = {
			isa = PBXGroup;
			children = (
				23B9D9101F49D7CF00A2E74A /* AppDelegate.swift */,
				23B9D9121F49D7CF00A2E74A /* ViewController.swift */,
				23B9D9141F49D7CF00A2E74A /* Main.storyboard */,
				23B9D9171F49D7D000A2E74A /* Assets.xcassets */,
				23B9D9191F49D7D000A2E74A /* LaunchScreen.storyboard */,
				23B9D91C1F49D7D000A2E74A /* Info.plist */,
			);
			path = AddPhoto;
			sourceTree = "<group>";
		};
/* End PBXGroup section */

/* Begin PBXNativeTarget section */
		23B9D90C1F49D7CF00A2E74A /* AddPhoto */ = {
			isa = PBXNativeTarget;
			buildConfigurationList = 23B9D91F1F49D7D000A2E74A /* Build configuration list for PBXNativeTarget "AddPhoto" */;
			buildPhases = (
				23B9D9091F49D7CF00A2E74A /* Sources */,
				23B9D90A1F49D7CF00A2E74A /* Frameworks */,
				23B9D90B1F49D7CF00A2E74A /* Resources */,
			);
			buildRules = (
			);
			dependencies = (
			);
			name = AddPhoto;
			productName = AddPhoto;
			productReference = 23B9D90D1F49D7CF00A2E74A /* AddPhoto.app */;
			productType = "com.apple.product-type.application";
		};
/* End PBXNativeTarget section */

/* Begin PBXProject section */
		23B9D9051F49D7CF00A2E74A /* Project object */ = {
			isa = PBXProject;
			attributes = {
				LastSwiftUpdateCheck = 0830;
				LastUpgradeCheck = 0830;
				ORGANIZATIONNAME = " Yo";
				TargetAttributes = {
					23B9D90C1F49D7CF00A2E74A = {
						CreatedOnToolsVersion = 8.3.3;
						ProvisioningStyle = Automatic;
					};
				};
			};
			buildConfigurationList = 23B9D9081F49D7CF00A2E74A /* Build configuration list for PBXProject "AddPhoto" */;
			compatibilityVersion = "Xcode 3.2";
			developmentRegion = English;
			hasScannedForEncodings = 0;
			knownRegions = (
				en,
				Base,
			);
			mainGroup = 23B9D9041F49D7CF00A2E74A;
			productRefGroup = 23B9D90E1F49D7CF00A2E74A /* Products */;
			projectDirPath = "";
			projectRoot = "";
			targets = (
				23B9D90C1F49D7CF00A2E74A /* AddPhoto */,
			);
		};
/* End PBXProject section */

/* Begin PBXResourcesBuildPhase section */
		23B9D90B1F49D7CF00A2E74A /* Resources */ = {
			isa = PBXResourcesBuildPhase;
			buildActionMask = 2147483647;
			files = (
				23B9D91B1F49D7D000A2E74A /* LaunchScreen.storyboard in Resources */,
				23B9D9181F49D7D000A2E74A /* Assets.xcassets in Resources */,
				23B9D9161F49D7CF00A2E74A /* Main.storyboard in Resources */,
			);
			runOnlyForDeploymentPostprocessing = 0;
		};
/* End PBXResourcesBuildPhase section */

/* Begin PBXSourcesBuildPhase section */
		23B9D9091F49D7CF00A2E74A /* Sources */ = {
			isa = PBXSourcesBuildPhase;
			buildActionMask = 2147483647;
			files = (
				23B9D9131F49D7CF00A2E74A /* ViewController.swift in Sources */,
				23B9D9111F49D7CF00A2E74A /* AppDelegate.swift in Sources */,
			);
			runOnlyForDeploymentPostprocessing = 0;
		};
/* End PBXSourcesBuildPhase section */

/* Begin PBXVariantGroup section */
		23B9D9141F49D7CF00A2E74A /* Main.storyboard */ = {
			isa = PBXVariantGroup;
			children = (
				23B9D9151F49D7CF00A2E74A /* Base */,
			);
			name = Main.storyboard;
			sourceTree = "<group>";
		};
		23B9D9191F49D7D000A2E74A /* LaunchScreen.storyboard */ = {
			isa = PBXVariantGroup;
			children = (
				23B9D91A1F49D7D000A2E74A /* Base */,
			);
			name = LaunchScreen.storyboard;
			sourceTree = "<group>";
		};
/* End PBXVariantGroup section */

/* Begin XCBuildConfiguration section */
		23B9D91D1F49D7D000A2E74A /* Debug */ = {
			isa = XCBuildConfiguration;
			buildSettings = {
				ALWAYS_SEARCH_USER_PATHS = NO;
				CLANG_ANALYZER_NONNULL = YES;
				CLANG_ANALYZER_NUMBER_OBJECT_CONVERSION = YES_AGGRESSIVE;
				CLANG_CXX_LANGUAGE_STANDARD = "gnu++0x";
				CLANG_CXX_LIBRARY = "libc++";
				CLANG_ENABLE_MODULES = YES;
				CLANG_ENABLE_OBJC_ARC = YES;
				CLANG_WARN_BOOL_CONVERSION = YES;
				CLANG_WARN_CONSTANT_CONVERSION = YES;
				CLANG_WARN_DIRECT_OBJC_ISA_USAGE = YES_ERROR;
				CLANG_WARN_DOCUMENTATION_COMMENTS = YES;
				CLANG_WARN_EMPTY_BODY = YES;
				CLANG_WARN_ENUM_CONVERSION = YES;
				CLANG_WARN_INFINITE_RECURSION = YES;
				CLANG_WARN_INT_CONVERSION = YES;
				CLANG_WARN_OBJC_ROOT_CLASS = YES_ERROR;
				CLANG_WARN_SUSPICIOUS_MOVE = YES;
				CLANG_WARN_UNREACHABLE_CODE = YES;
				CLANG_WARN__DUPLICATE_METHOD_MATCH = YES;
				"CODE_SIGN_IDENTITY[sdk=iphoneos*]" = "iPhone Developer";
				COPY_PHASE_STRIP = NO;
				DEBUG_INFORMATION_FORMAT = dwarf;
				ENABLE_STRICT_OBJC_MSGSEND = YES;
				ENABLE_TESTABILITY = YES;
				GCC_C_LANGUAGE_STANDARD = gnu99;
				GCC_DYNAMIC_NO_PIC = NO;
				GCC_NO_COMMON_BLOCKS = YES;
				GCC_OPTIMIZATION_LEVEL = 0;
				GCC_PREPROCESSOR_DEFINITIONS = (
					"DEBUG=1",
					"$(inherited)",
				);
				GCC_WARN_64_TO_32_BIT_CONVERSION = YES;
				GCC_WARN_ABOUT_RETURN_TYPE = YES_ERROR;
				GCC_WARN_UNDECLARED_SELECTOR = YES;
				GCC_WARN_UNINITIALIZED_AUTOS = YES_AGGRESSIVE;
				GCC_WARN_UNUSED_FUNCTION = YES;
				GCC_WARN_UNUSED_VARIABLE = YES;
				IPHONEOS_DEPLOYMENT_TARGET = 10.3;
				MTL_ENABLE_DEBUG_INFO = YES;
				ONLY_ACTIVE_ARCH = YES;
				SDKROOT = iphoneos;
				SWIFT_ACTIVE_COMPILATION_CONDITIONS = DEBUG;
				SWIFT_OPTIMIZATION_LEVEL = "-Onone";
				TARGETED_DEVICE_FAMILY = "1,2";
			};
			name = Debug;
		};
		23B9D91E1F49D7D000A2E74A /* Release */ = {
			isa = XCBuildConfiguration;
			buildSettings = {
				ALWAYS_SEARCH_USER_PATHS = NO;
				CLANG_ANALYZER_NONNULL = YES;
				CLANG_ANALYZER_NUMBER_OBJECT_CONVERSION = YES_AGGRESSIVE;
				CLANG_CXX_LANGUAGE_STANDARD = "gnu++0x";
				CLANG_CXX_LIBRARY = "libc++";
				CLANG_ENABLE_MODULES = YES;
				CLANG_ENABLE_OBJC_ARC = YES;
				CLANG_WARN_BOOL_CONVERSION = YES;
				CLANG_WARN_CONSTANT_CONVERSION = YES;
				CLANG_WARN_DIRECT_OBJC_ISA_USAGE = YES_ERROR;
				CLANG_WARN_DOCUMENTATION_COMMENTS = YES;
				CLANG_WARN_EMPTY_BODY = YES;
				CLANG_WARN_ENUM_CONVERSION = YES;
				CLANG_WARN_INFINITE_RECURSION = YES;
				CLANG_WARN_INT_CONVERSION = YES;
				CLANG_WARN_OBJC_ROOT_CLASS = YES_ERROR;
				CLANG_WARN_SUSPICIOUS_MOVE = YES;
				CLANG_WARN_UNREACHABLE_CODE = YES;
				CLANG_WARN__DUPLICATE_METHOD_MATCH = YES;
				"CODE_SIGN_IDENTITY[sdk=iphoneos*]" = "iPhone Developer";
				COPY_PHASE_STRIP = NO;
				DEBUG_INFORMATION_FORMAT = "dwarf-with-dsym";
				ENABLE_NS_ASSERTIONS = NO;
				ENABLE_STRICT_OBJC_MSGSEND = YES;
				GCC_C_LANGUAGE_STANDARD = gnu99;
				GCC_NO_COMMON_BLOCKS = YES;
				GCC_WARN_64_TO_32_BIT_CONVERSION = YES;
				GCC_WARN_ABOUT_RETURN_TYPE = YES_ERROR;
				GCC_WARN_UNDECLARED_SELECTOR = YES;
				GCC_WARN_UNINITIALIZED_AUTOS = YES_AGGRESSIVE;
				GCC_WARN_UNUSED_FUNCTION = YES;
				GCC_WARN_UNUSED_VARIABLE = YES;
				IPHONEOS_DEPLOYMENT_TARGET = 10.3;
				MTL_ENABLE_DEBUG_INFO = NO;
				SDKROOT = iphoneos;
				SWIFT_OPTIMIZATION_LEVEL = "-Owholemodule";
				TARGETED_DEVICE_FAMILY = "1,2";
				VALIDATE_PRODUCT = YES;
			};
			name = Release;
		};
		23B9D9201F49D7D000A2E74A /* Debug */ = {
			isa = XCBuildConfiguration;
			buildSettings = {
				ASSETCATALOG_COMPILER_APPICON_NAME = AppIcon;
				INFOPLIST_FILE = AddPhoto/Info.plist;
				LD_RUNPATH_SEARCH_PATHS = "$(inherited) @executable_path/Frameworks";
				PRODUCT_BUNDLE_IDENTIFIER = gary87004.AddPhoto;
				PRODUCT_NAME = "$(TARGET_NAME)";
				SWIFT_VERSION = 3.0;
			};
			name = Debug;
		};
		23B9D9211F49D7D000A2E74A /* Release */ = {
			isa = XCBuildConfiguration;
			buildSettings = {
				ASSETCATALOG_COMPILER_APPICON_NAME = AppIcon;
				INFOPLIST_FILE = AddPhoto/Info.plist;
				LD_RUNPATH_SEARCH_PATHS = "$(inherited) @executable_path/Frameworks";
				PRODUCT_BUNDLE_IDENTIFIER = gary87004.AddPhoto;
				PRODUCT_NAME = "$(TARGET_NAME)";
				SWIFT_VERSION = 3.0;
			};
			name = Release;
		};
/* End XCBuildConfiguration section */

/* Begin XCConfigurationList section */
		23B9D9081F49D7CF00A2E74A /* Build configuration list for PBXProject "AddPhoto" */ = {
			isa = XCConfigurationList;
			buildConfigurations = (
				23B9D91D1F49D7D000A2E74A /* Debug */,
				23B9D91E1F49D7D000A2E74A /* Release */,
			);
			defaultConfigurationIsVisible = 0;
			defaultConfigurationName = Release;
		};
		23B9D91F1F49D7D000A2E74A /* Build configuration list for PBXNativeTarget "AddPhoto" */ = {
			isa = XCConfigurationList;
			buildConfigurations = (
				23B9D9201F49D7D000A2E74A /* Debug */,
				23B9D9211F49D7D000A2E74A /* Release */,
			);
			defaultConfigurationIsVisible = 0;
		};
/* End XCConfigurationList section */
	};
	rootObject = 23B9D9051F49D7CF00A2E74A /* Project object */;
}
