// !$*UTF8*$!
{
	archiveVersion = 1;
	classes = {
	};
	objectVersion = 46;
	objects = {

/* Begin PBXBuildFile section */
		23067D531F39C90B00664CFF /* AppDelegate.swift in Sources */ = {isa = PBXBuildFile; fileRef = 23067D521F39C90B00664CFF /* AppDelegate.swift */; };
		23067D551F39C90B00664CFF /* ViewController.swift in Sources */ = {isa = PBXBuildFile; fileRef = 23067D541F39C90B00664CFF /* ViewController.swift */; };
		23067D581F39C90B00664CFF /* Main.storyboard in Resources */ = {isa = PBXBuildFile; fileRef = 23067D561F39C90B00664CFF /* Main.storyboard */; };
		23067D5A1F39C90B00664CFF /* Assets.xcassets in Resources */ = {isa = PBXBuildFile; fileRef = 23067D591F39C90B00664CFF /* Assets.xcassets */; };
		23067D5D1F39C90B00664CFF /* LaunchScreen.storyboard in Resources */ = {isa = PBXBuildFile; fileRef = 23067D5B1F39C90B00664CFF /* LaunchScreen.storyboard */; };
		23067D671F3A0EC700664CFF /* LoginViewController.swift in Sources */ = {isa = PBXBuildFile; fileRef = 23067D661F3A0EC700664CFF /* LoginViewController.swift */; };
/* End PBXBuildFile section */

/* Begin PBXFileReference section */
		23067D4F1F39C90B00664CFF /* Sign_in.app */ = {isa = PBXFileReference; explicitFileType = wrapper.application; includeInIndex = 0; path = Sign_in.app; sourceTree = BUILT_PRODUCTS_DIR; };
		23067D521F39C90B00664CFF /* AppDelegate.swift */ = {isa = PBXFileReference; lastKnownFileType = sourcecode.swift; path = AppDelegate.swift; sourceTree = "<group>"; };
		23067D541F39C90B00664CFF /* ViewController.swift */ = {isa = PBXFileReference; lastKnownFileType = sourcecode.swift; path = ViewController.swift; sourceTree = "<group>"; };
		23067D571F39C90B00664CFF /* Base */ = {isa = PBXFileReference; lastKnownFileType = file.storyboard; name = Base; path = Base.lproj/Main.storyboard; sourceTree = "<group>"; };
		23067D591F39C90B00664CFF /* Assets.xcassets */ = {isa = PBXFileReference; lastKnownFileType = folder.assetcatalog; path = Assets.xcassets; sourceTree = "<group>"; };
		23067D5C1F39C90B00664CFF /* Base */ = {isa = PBXFileReference; lastKnownFileType = file.storyboard; name = Base; path = Base.lproj/LaunchScreen.storyboard; sourceTree = "<group>"; };
		23067D5E1F39C90B00664CFF /* Info.plist */ = {isa = PBXFileReference; lastKnownFileType = text.plist.xml; path = Info.plist; sourceTree = "<group>"; };
		23067D661F3A0EC700664CFF /* LoginViewController.swift */ = {isa = PBXFileReference; fileEncoding = 4; lastKnownFileType = sourcecode.swift; path = LoginViewController.swift; sourceTree = "<group>"; };
/* End PBXFileReference section */

/* Begin PBXFrameworksBuildPhase section */
		23067D4C1F39C90B00664CFF /* Frameworks */ = {
			isa = PBXFrameworksBuildPhase;
			buildActionMask = 2147483647;
			files = (
			);
			runOnlyForDeploymentPostprocessing = 0;
		};
/* End PBXFrameworksBuildPhase section */

/* Begin PBXGroup section */
		23067D461F39C90A00664CFF = {
			isa = PBXGroup;
			children = (
				23067D511F39C90B00664CFF /* Sign_in */,
				23067D501F39C90B00664CFF /* Products */,
			);
			sourceTree = "<group>";
		};
		23067D501F39C90B00664CFF /* Products */ = {
			isa = PBXGroup;
			children = (
				23067D4F1F39C90B00664CFF /* Sign_in.app */,
			);
			name = Products;
			sourceTree = "<group>";
		};
		23067D511F39C90B00664CFF /* Sign_in */ = {
			isa = PBXGroup;
			children = (
				23067D521F39C90B00664CFF /* AppDelegate.swift */,
				23067D541F39C90B00664CFF /* ViewController.swift */,
				23067D561F39C90B00664CFF /* Main.storyboard */,
				23067D591F39C90B00664CFF /* Assets.xcassets */,
				23067D5B1F39C90B00664CFF /* LaunchScreen.storyboard */,
				23067D5E1F39C90B00664CFF /* Info.plist */,
				23067D661F3A0EC700664CFF /* LoginViewController.swift */,
			);
			path = Sign_in;
			sourceTree = "<group>";
		};
/* End PBXGroup section */

/* Begin PBXNativeTarget section */
		23067D4E1F39C90B00664CFF /* Sign_in */ = {
			isa = PBXNativeTarget;
			buildConfigurationList = 23067D611F39C90B00664CFF /* Build configuration list for PBXNativeTarget "Sign_in" */;
			buildPhases = (
				23067D4B1F39C90B00664CFF /* Sources */,
				23067D4C1F39C90B00664CFF /* Frameworks */,
				23067D4D1F39C90B00664CFF /* Resources */,
			);
			buildRules = (
			);
			dependencies = (
			);
			name = Sign_in;
			productName = Sign_in;
			productReference = 23067D4F1F39C90B00664CFF /* Sign_in.app */;
			productType = "com.apple.product-type.application";
		};
/* End PBXNativeTarget section */

/* Begin PBXProject section */
		23067D471F39C90A00664CFF /* Project object */ = {
			isa = PBXProject;
			attributes = {
				LastSwiftUpdateCheck = 0830;
				LastUpgradeCheck = 0830;
				ORGANIZATIONNAME = " Yo";
				TargetAttributes = {
					23067D4E1F39C90B00664CFF = {
						CreatedOnToolsVersion = 8.3.3;
						ProvisioningStyle = Automatic;
					};
				};
			};
			buildConfigurationList = 23067D4A1F39C90A00664CFF /* Build configuration list for PBXProject "Sign_in" */;
			compatibilityVersion = "Xcode 3.2";
			developmentRegion = English;
			hasScannedForEncodings = 0;
			knownRegions = (
				en,
				Base,
			);
			mainGroup = 23067D461F39C90A00664CFF;
			productRefGroup = 23067D501F39C90B00664CFF /* Products */;
			projectDirPath = "";
			projectRoot = "";
			targets = (
				23067D4E1F39C90B00664CFF /* Sign_in */,
			);
		};
/* End PBXProject section */

/* Begin PBXResourcesBuildPhase section */
		23067D4D1F39C90B00664CFF /* Resources */ = {
			isa = PBXResourcesBuildPhase;
			buildActionMask = 2147483647;
			files = (
				23067D5D1F39C90B00664CFF /* LaunchScreen.storyboard in Resources */,
				23067D5A1F39C90B00664CFF /* Assets.xcassets in Resources */,
				23067D581F39C90B00664CFF /* Main.storyboard in Resources */,
			);
			runOnlyForDeploymentPostprocessing = 0;
		};
/* End PBXResourcesBuildPhase section */

/* Begin PBXSourcesBuildPhase section */
		23067D4B1F39C90B00664CFF /* Sources */ = {
			isa = PBXSourcesBuildPhase;
			buildActionMask = 2147483647;
			files = (
				23067D671F3A0EC700664CFF /* LoginViewController.swift in Sources */,
				23067D551F39C90B00664CFF /* ViewController.swift in Sources */,
				23067D531F39C90B00664CFF /* AppDelegate.swift in Sources */,
			);
			runOnlyForDeploymentPostprocessing = 0;
		};
/* End PBXSourcesBuildPhase section */

/* Begin PBXVariantGroup section */
		23067D561F39C90B00664CFF /* Main.storyboard */ = {
			isa = PBXVariantGroup;
			children = (
				23067D571F39C90B00664CFF /* Base */,
			);
			name = Main.storyboard;
			sourceTree = "<group>";
		};
		23067D5B1F39C90B00664CFF /* LaunchScreen.storyboard */ = {
			isa = PBXVariantGroup;
			children = (
				23067D5C1F39C90B00664CFF /* Base */,
			);
			name = LaunchScreen.storyboard;
			sourceTree = "<group>";
		};
/* End PBXVariantGroup section */

/* Begin XCBuildConfiguration section */
		23067D5F1F39C90B00664CFF /* Debug */ = {
			isa = XCBuildConfiguration;
			buildSettings = {
				ALWAYS_SEARCH_USER_PATHS = NO;
				CLANG_ANALYZER_NONNULL = YES;
				CLANG_ANALYZER_NUMBER_OBJECT_CONVERSION = YES_AGGRESSIVE;
				CLANG_CXX_LANGUAGE_STANDARD = "gnu++0x";
				CLANG_CXX_LIBRARY = "libc++";
				CLANG_ENABLE_MODULES = YES;
				CLANG_ENABLE_OBJC_ARC = YES;
				CLANG_WARN_BOOL_CONVERSION = YES;
				CLANG_WARN_CONSTANT_CONVERSION = YES;
				CLANG_WARN_DIRECT_OBJC_ISA_USAGE = YES_ERROR;
				CLANG_WARN_DOCUMENTATION_COMMENTS = YES;
				CLANG_WARN_EMPTY_BODY = YES;
				CLANG_WARN_ENUM_CONVERSION = YES;
				CLANG_WARN_INFINITE_RECURSION = YES;
				CLANG_WARN_INT_CONVERSION = YES;
				CLANG_WARN_OBJC_ROOT_CLASS = YES_ERROR;
				CLANG_WARN_SUSPICIOUS_MOVE = YES;
				CLANG_WARN_UNREACHABLE_CODE = YES;
				CLANG_WARN__DUPLICATE_METHOD_MATCH = YES;
				"CODE_SIGN_IDENTITY[sdk=iphoneos*]" = "iPhone Developer";
				COPY_PHASE_STRIP = NO;
				DEBUG_INFORMATION_FORMAT = dwarf;
				ENABLE_STRICT_OBJC_MSGSEND = YES;
				ENABLE_TESTABILITY = YES;
				GCC_C_LANGUAGE_STANDARD = gnu99;
				GCC_DYNAMIC_NO_PIC = NO;
				GCC_NO_COMMON_BLOCKS = YES;
				GCC_OPTIMIZATION_LEVEL = 0;
				GCC_PREPROCESSOR_DEFINITIONS = (
					"DEBUG=1",
					"$(inherited)",
				);
				GCC_WARN_64_TO_32_BIT_CONVERSION = YES;
				GCC_WARN_ABOUT_RETURN_TYPE = YES_ERROR;
				GCC_WARN_UNDECLARED_SELECTOR = YES;
				GCC_WARN_UNINITIALIZED_AUTOS = YES_AGGRESSIVE;
				GCC_WARN_UNUSED_FUNCTION = YES;
				GCC_WARN_UNUSED_VARIABLE = YES;
				IPHONEOS_DEPLOYMENT_TARGET = 10.3;
				MTL_ENABLE_DEBUG_INFO = YES;
				ONLY_ACTIVE_ARCH = YES;
				SDKROOT = iphoneos;
				SWIFT_ACTIVE_COMPILATION_CONDITIONS = DEBUG;
				SWIFT_OPTIMIZATION_LEVEL = "-Onone";
				TARGETED_DEVICE_FAMILY = "1,2";
			};
			name = Debug;
		};
		23067D601F39C90B00664CFF /* Release */ = {
			isa = XCBuildConfiguration;
			buildSettings = {
				ALWAYS_SEARCH_USER_PATHS = NO;
				CLANG_ANALYZER_NONNULL = YES;
				CLANG_ANALYZER_NUMBER_OBJECT_CONVERSION = YES_AGGRESSIVE;
				CLANG_CXX_LANGUAGE_STANDARD = "gnu++0x";
				CLANG_CXX_LIBRARY = "libc++";
				CLANG_ENABLE_MODULES = YES;
				CLANG_ENABLE_OBJC_ARC = YES;
				CLANG_WARN_BOOL_CONVERSION = YES;
				CLANG_WARN_CONSTANT_CONVERSION = YES;
				CLANG_WARN_DIRECT_OBJC_ISA_USAGE = YES_ERROR;
				CLANG_WARN_DOCUMENTATION_COMMENTS = YES;
				CLANG_WARN_EMPTY_BODY = YES;
				CLANG_WARN_ENUM_CONVERSION = YES;
				CLANG_WARN_INFINITE_RECURSION = YES;
				CLANG_WARN_INT_CONVERSION = YES;
				CLANG_WARN_OBJC_ROOT_CLASS = YES_ERROR;
				CLANG_WARN_SUSPICIOUS_MOVE = YES;
				CLANG_WARN_UNREACHABLE_CODE = YES;
				CLANG_WARN__DUPLICATE_METHOD_MATCH = YES;
				"CODE_SIGN_IDENTITY[sdk=iphoneos*]" = "iPhone Developer";
				COPY_PHASE_STRIP = NO;
				DEBUG_INFORMATION_FORMAT = "dwarf-with-dsym";
				ENABLE_NS_ASSERTIONS = NO;
				ENABLE_STRICT_OBJC_MSGSEND = YES;
				GCC_C_LANGUAGE_STANDARD = gnu99;
				GCC_NO_COMMON_BLOCKS = YES;
				GCC_WARN_64_TO_32_BIT_CONVERSION = YES;
				GCC_WARN_ABOUT_RETURN_TYPE = YES_ERROR;
				GCC_WARN_UNDECLARED_SELECTOR = YES;
				GCC_WARN_UNINITIALIZED_AUTOS = YES_AGGRESSIVE;
				GCC_WARN_UNUSED_FUNCTION = YES;
				GCC_WARN_UNUSED_VARIABLE = YES;
				IPHONEOS_DEPLOYMENT_TARGET = 10.3;
				MTL_ENABLE_DEBUG_INFO = NO;
				SDKROOT = iphoneos;
				SWIFT_OPTIMIZATION_LEVEL = "-Owholemodule";
				TARGETED_DEVICE_FAMILY = "1,2";
				VALIDATE_PRODUCT = YES;
			};
			name = Release;
		};
		23067D621F39C90B00664CFF /* Debug */ = {
			isa = XCBuildConfiguration;
			buildSettings = {
				ASSETCATALOG_COMPILER_APPICON_NAME = AppIcon;
				INFOPLIST_FILE = Sign_in/Info.plist;
				LD_RUNPATH_SEARCH_PATHS = "$(inherited) @executable_path/Frameworks";
				PRODUCT_BUNDLE_IDENTIFIER = "gary87004.Sign-in";
				PRODUCT_NAME = "$(TARGET_NAME)";
				SWIFT_VERSION = 3.0;
			};
			name = Debug;
		};
		23067D631F39C90B00664CFF /* Release */ = {
			isa = XCBuildConfiguration;
			buildSettings = {
				ASSETCATALOG_COMPILER_APPICON_NAME = AppIcon;
				INFOPLIST_FILE = Sign_in/Info.plist;
				LD_RUNPATH_SEARCH_PATHS = "$(inherited) @executable_path/Frameworks";
				PRODUCT_BUNDLE_IDENTIFIER = "gary87004.Sign-in";
				PRODUCT_NAME = "$(TARGET_NAME)";
				SWIFT_VERSION = 3.0;
			};
			name = Release;
		};
/* End XCBuildConfiguration section */

/* Begin XCConfigurationList section */
		23067D4A1F39C90A00664CFF /* Build configuration list for PBXProject "Sign_in" */ = {
			isa = XCConfigurationList;
			buildConfigurations = (
				23067D5F1F39C90B00664CFF /* Debug */,
				23067D601F39C90B00664CFF /* Release */,
			);
			defaultConfigurationIsVisible = 0;
			defaultConfigurationName = Release;
		};
		23067D611F39C90B00664CFF /* Build configuration list for PBXNativeTarget "Sign_in" */ = {
			isa = XCConfigurationList;
			buildConfigurations = (
				23067D621F39C90B00664CFF /* Debug */,
				23067D631F39C90B00664CFF /* Release */,
			);
			defaultConfigurationIsVisible = 0;
			defaultConfigurationName = Release;
		};
/* End XCConfigurationList section */
	};
	rootObject = 23067D471F39C90A00664CFF /* Project object */;
}
